
Microsoft Visual Studio Solution File, Format Version 12.00
# Visual Studio Version 17
VisualStudioVersion = 17.6.33829.357
MinimumVisualStudioVersion = 10.0.40219.1
Project("{6EC3EE1D-3C4E-46DD-8F32-0CC8E7565705}") = "Shrimp.Pdf", "Shrimp.Pdf\Shrimp.Pdf.fsproj", "{5DF441EB-3466-4DB3-9C0A-E01F7C7867EC}"
EndProject
Project("{6EC3EE1D-3C4E-46DD-8F32-0CC8E7565705}") = "Shrimp.Pdf.Parser", "Shrimp.Pdf.Parser\Shrimp.Pdf.Parser.fsproj", "{E8CBA96A-2453-4B74-BEF3-1845E6FCB6F0}"
EndProject
Project("{6EC3EE1D-3C4E-46DD-8F32-0CC8E7565705}") = "Shrimp.Pdf.Extensions", "Shrimp.Pdf.Extensions\Shrimp.Pdf.Extensions.fsproj", "{D97B0B3B-D06D-4012-9B89-2E112D94A12D}"
EndProject
Project("{6EC3EE1D-3C4E-46DD-8F32-0CC8E7565705}") = "Shrimp.Pdf.Tests", "Shrimp.Pdf.Tests\Shrimp.Pdf.Tests.fsproj", "{C43B51E7-1D66-482E-98B2-D64E17322C43}"
EndProject
Project("{6EC3EE1D-3C4E-46DD-8F32-0CC8E7565705}") = "Shrimp.Pdf.DSL", "Shrimp.Pdf.DSL\Shrimp.Pdf.DSL.fsproj", "{0B599174-0517-4A10-BC12-73833E83F628}"
EndProject
Project("{6EC3EE1D-3C4E-46DD-8F32-0CC8E7565705}") = "Shrimp.Pdf.icms2", "Shrimp.Pdf.icms2\Shrimp.Pdf.icms2.fsproj", "{1C7F98D8-CE4E-41EE-8FEB-3053A35052E8}"
EndProject
Project("{6EC3EE1D-3C4E-46DD-8F32-0CC8E7565705}") = "Shrimp.Pdf.icms2.Server", "Shrimp.Pdf.icms2.Server\Shrimp.Pdf.icms2.Server.fsproj", "{5C5BCD51-2E7B-4CBE-87CE-83DC3BED1680}"
EndProject
Project("{6EC3EE1D-3C4E-46DD-8F32-0CC8E7565705}") = "Shrimp.Pdf.icms2.Client", "Shrimp.Pdf.icms2.Client\Shrimp.Pdf.icms2.Client.fsproj", "{33557867-89EE-4728-9E9A-E973491DE882}"
EndProject
Project("{9A19103F-16F7-4668-BE54-9A1E7A4F7556}") = "Shrimp.Pdf.Parser.Helper", "Shrimp.Pdf.Parser.Helper\Shrimp.Pdf.Parser.Helper.csproj", "{807709FD-B486-4B52-8EE4-88DB48E0B449}"
EndProject
Project("{6EC3EE1D-3C4E-46DD-8F32-0CC8E7565705}") = "Shrimp.Pdf.Logger", "Shrimp.Pdf.Logger\Shrimp.Pdf.Logger.fsproj", "{84CD7906-F832-409B-A253-DBB56D9AE66A}"
EndProject
Project("{6EC3EE1D-3C4E-46DD-8F32-0CC8E7565705}") = "Shrimp.Pdf.Image", "Shrimp.Pdf.Image\Shrimp.Pdf.Image.fsproj", "{A8A9233F-271D-46B8-BDBD-E03C3BAC920C}"
EndProject
Project("{9A19103F-16F7-4668-BE54-9A1E7A4F7556}") = "Shrimp.Pdf.icms2.Helper", "Shrimp.Pdf.icms2.Helper\Shrimp.Pdf.icms2.Helper.csproj", "{3D857146-9674-4885-AFA1-B8BB141B427C}"
EndProject
Project("{6EC3EE1D-3C4E-46DD-8F32-0CC8E7565705}") = "Shrimp.Pdf.js.shared", "Shrimp.Pdf.js\shared\Shrimp.Pdf.js.shared.fsproj", "{63479CF7-8585-4A0E-9FEC-BDA217303014}"
EndProject
Project("{6EC3EE1D-3C4E-46DD-8F32-0CC8E7565705}") = "Shrimp.Pdf.ImageConverter.Core", "Shrimp.Pdf.ImageConverter.Core\Shrimp.Pdf.ImageConverter.Core.fsproj", "{5A1E78FF-5C28-4A7D-AD99-371FA1F8A630}"
EndProject
Project("{6EC3EE1D-3C4E-46DD-8F32-0CC8E7565705}") = "Shrimp.Pdf.Extract", "src\Shrimp.Pdf.Extract\Shrimp.Pdf.Extract.fsproj", "{F9D6DE2C-335E-4F6C-8501-514AB4773FC7}"
EndProject
Project("{6EC3EE1D-3C4E-46DD-8F32-0CC8E7565705}") = "Shrimp.DtronixPdf", "Shrimp.Pdf.ImageConverter.Server.Lib\Shrimp.DtronixPdf.fsproj", "{0E1391A7-CCB0-462F-8785-3F8405D96613}"
EndProject
Project("{6EC3EE1D-3C4E-46DD-8F32-0CC8E7565705}") = "Shrimp.Pdf.PostScript", "Shrimp.Pdf.PostScript\Shrimp.Pdf.PostScript.fsproj", "{844C2533-7852-495C-8D90-9DD351A99C8E}"
EndProject
Global
	GlobalSection(SolutionConfigurationPlatforms) = preSolution
		Debug|Any CPU = Debug|Any CPU
		Debug|x64 = Debug|x64
		Debug|x86 = Debug|x86
		MiniBuild|Any CPU = MiniBuild|Any CPU
		MiniBuild|x64 = MiniBuild|x64
		MiniBuild|x86 = MiniBuild|x86
		Release|Any CPU = Release|Any CPU
		Release|x64 = Release|x64
		Release|x86 = Release|x86
	EndGlobalSection
	GlobalSection(ProjectConfigurationPlatforms) = postSolution
		{5DF441EB-3466-4DB3-9C0A-E01F7C7867EC}.Debug|Any CPU.ActiveCfg = Debug|Any CPU
		{5DF441EB-3466-4DB3-9C0A-E01F7C7867EC}.Debug|Any CPU.Build.0 = Debug|Any CPU
		{5DF441EB-3466-4DB3-9C0A-E01F7C7867EC}.Debug|x64.ActiveCfg = Debug|Any CPU
		{5DF441EB-3466-4DB3-9C0A-E01F7C7867EC}.Debug|x64.Build.0 = Debug|Any CPU
		{5DF441EB-3466-4DB3-9C0A-E01F7C7867EC}.Debug|x86.ActiveCfg = Debug|Any CPU
		{5DF441EB-3466-4DB3-9C0A-E01F7C7867EC}.Debug|x86.Build.0 = Debug|Any CPU
		{5DF441EB-3466-4DB3-9C0A-E01F7C7867EC}.MiniBuild|Any CPU.ActiveCfg = MiniBuild|Any CPU
		{5DF441EB-3466-4DB3-9C0A-E01F7C7867EC}.MiniBuild|Any CPU.Build.0 = MiniBuild|Any CPU
		{5DF441EB-3466-4DB3-9C0A-E01F7C7867EC}.MiniBuild|x64.ActiveCfg = MiniBuild|Any CPU
		{5DF441EB-3466-4DB3-9C0A-E01F7C7867EC}.MiniBuild|x64.Build.0 = MiniBuild|Any CPU
		{5DF441EB-3466-4DB3-9C0A-E01F7C7867EC}.MiniBuild|x86.ActiveCfg = MiniBuild|Any CPU
		{5DF441EB-3466-4DB3-9C0A-E01F7C7867EC}.MiniBuild|x86.Build.0 = MiniBuild|Any CPU
		{5DF441EB-3466-4DB3-9C0A-E01F7C7867EC}.Release|Any CPU.ActiveCfg = Release|Any CPU
		{5DF441EB-3466-4DB3-9C0A-E01F7C7867EC}.Release|Any CPU.Build.0 = Release|Any CPU
		{5DF441EB-3466-4DB3-9C0A-E01F7C7867EC}.Release|x64.ActiveCfg = Release|Any CPU
		{5DF441EB-3466-4DB3-9C0A-E01F7C7867EC}.Release|x64.Build.0 = Release|Any CPU
		{5DF441EB-3466-4DB3-9C0A-E01F7C7867EC}.Release|x86.ActiveCfg = Release|Any CPU
		{5DF441EB-3466-4DB3-9C0A-E01F7C7867EC}.Release|x86.Build.0 = Release|Any CPU
		{E8CBA96A-2453-4B74-BEF3-1845E6FCB6F0}.Debug|Any CPU.ActiveCfg = Debug|Any CPU
		{E8CBA96A-2453-4B74-BEF3-1845E6FCB6F0}.Debug|Any CPU.Build.0 = Debug|Any CPU
		{E8CBA96A-2453-4B74-BEF3-1845E6FCB6F0}.Debug|x64.ActiveCfg = Debug|Any CPU
		{E8CBA96A-2453-4B74-BEF3-1845E6FCB6F0}.Debug|x64.Build.0 = Debug|Any CPU
		{E8CBA96A-2453-4B74-BEF3-1845E6FCB6F0}.Debug|x86.ActiveCfg = Debug|Any CPU
		{E8CBA96A-2453-4B74-BEF3-1845E6FCB6F0}.Debug|x86.Build.0 = Debug|Any CPU
		{E8CBA96A-2453-4B74-BEF3-1845E6FCB6F0}.MiniBuild|Any CPU.ActiveCfg = MiniBuild|Any CPU
		{E8CBA96A-2453-4B74-BEF3-1845E6FCB6F0}.MiniBuild|Any CPU.Build.0 = MiniBuild|Any CPU
		{E8CBA96A-2453-4B74-BEF3-1845E6FCB6F0}.MiniBuild|x64.ActiveCfg = MiniBuild|Any CPU
		{E8CBA96A-2453-4B74-BEF3-1845E6FCB6F0}.MiniBuild|x64.Build.0 = MiniBuild|Any CPU
		{E8CBA96A-2453-4B74-BEF3-1845E6FCB6F0}.MiniBuild|x86.ActiveCfg = MiniBuild|Any CPU
		{E8CBA96A-2453-4B74-BEF3-1845E6FCB6F0}.MiniBuild|x86.Build.0 = MiniBuild|Any CPU
		{E8CBA96A-2453-4B74-BEF3-1845E6FCB6F0}.Release|Any CPU.ActiveCfg = Release|Any CPU
		{E8CBA96A-2453-4B74-BEF3-1845E6FCB6F0}.Release|Any CPU.Build.0 = Release|Any CPU
		{E8CBA96A-2453-4B74-BEF3-1845E6FCB6F0}.Release|x64.ActiveCfg = Release|Any CPU
		{E8CBA96A-2453-4B74-BEF3-1845E6FCB6F0}.Release|x64.Build.0 = Release|Any CPU
		{E8CBA96A-2453-4B74-BEF3-1845E6FCB6F0}.Release|x86.ActiveCfg = Release|Any CPU
		{E8CBA96A-2453-4B74-BEF3-1845E6FCB6F0}.Release|x86.Build.0 = Release|Any CPU
		{D97B0B3B-D06D-4012-9B89-2E112D94A12D}.Debug|Any CPU.ActiveCfg = Debug|Any CPU
		{D97B0B3B-D06D-4012-9B89-2E112D94A12D}.Debug|Any CPU.Build.0 = Debug|Any CPU
		{D97B0B3B-D06D-4012-9B89-2E112D94A12D}.Debug|x64.ActiveCfg = Debug|Any CPU
		{D97B0B3B-D06D-4012-9B89-2E112D94A12D}.Debug|x64.Build.0 = Debug|Any CPU
		{D97B0B3B-D06D-4012-9B89-2E112D94A12D}.Debug|x86.ActiveCfg = Debug|Any CPU
		{D97B0B3B-D06D-4012-9B89-2E112D94A12D}.Debug|x86.Build.0 = Debug|Any CPU
		{D97B0B3B-D06D-4012-9B89-2E112D94A12D}.MiniBuild|Any CPU.ActiveCfg = Debug|Any CPU
		{D97B0B3B-D06D-4012-9B89-2E112D94A12D}.MiniBuild|Any CPU.Build.0 = Debug|Any CPU
		{D97B0B3B-D06D-4012-9B89-2E112D94A12D}.MiniBuild|x64.ActiveCfg = Release|Any CPU
		{D97B0B3B-D06D-4012-9B89-2E112D94A12D}.MiniBuild|x64.Build.0 = Release|Any CPU
		{D97B0B3B-D06D-4012-9B89-2E112D94A12D}.MiniBuild|x86.ActiveCfg = Release|Any CPU
		{D97B0B3B-D06D-4012-9B89-2E112D94A12D}.MiniBuild|x86.Build.0 = Release|Any CPU
		{D97B0B3B-D06D-4012-9B89-2E112D94A12D}.Release|Any CPU.ActiveCfg = Release|Any CPU
		{D97B0B3B-D06D-4012-9B89-2E112D94A12D}.Release|Any CPU.Build.0 = Release|Any CPU
		{D97B0B3B-D06D-4012-9B89-2E112D94A12D}.Release|x64.ActiveCfg = Release|Any CPU
		{D97B0B3B-D06D-4012-9B89-2E112D94A12D}.Release|x64.Build.0 = Release|Any CPU
		{D97B0B3B-D06D-4012-9B89-2E112D94A12D}.Release|x86.ActiveCfg = Release|Any CPU
		{D97B0B3B-D06D-4012-9B89-2E112D94A12D}.Release|x86.Build.0 = Release|Any CPU
		{C43B51E7-1D66-482E-98B2-D64E17322C43}.Debug|Any CPU.ActiveCfg = Debug|Any CPU
		{C43B51E7-1D66-482E-98B2-D64E17322C43}.Debug|Any CPU.Build.0 = Debug|Any CPU
		{C43B51E7-1D66-482E-98B2-D64E17322C43}.Debug|x64.ActiveCfg = Debug|Any CPU
		{C43B51E7-1D66-482E-98B2-D64E17322C43}.Debug|x64.Build.0 = Debug|Any CPU
		{C43B51E7-1D66-482E-98B2-D64E17322C43}.Debug|x86.ActiveCfg = Debug|Any CPU
		{C43B51E7-1D66-482E-98B2-D64E17322C43}.Debug|x86.Build.0 = Debug|Any CPU
		{C43B51E7-1D66-482E-98B2-D64E17322C43}.MiniBuild|Any CPU.ActiveCfg = Debug|Any CPU
		{C43B51E7-1D66-482E-98B2-D64E17322C43}.MiniBuild|Any CPU.Build.0 = Debug|Any CPU
		{C43B51E7-1D66-482E-98B2-D64E17322C43}.MiniBuild|x64.ActiveCfg = Release|Any CPU
		{C43B51E7-1D66-482E-98B2-D64E17322C43}.MiniBuild|x64.Build.0 = Release|Any CPU
		{C43B51E7-1D66-482E-98B2-D64E17322C43}.MiniBuild|x86.ActiveCfg = Release|Any CPU
		{C43B51E7-1D66-482E-98B2-D64E17322C43}.MiniBuild|x86.Build.0 = Release|Any CPU
		{C43B51E7-1D66-482E-98B2-D64E17322C43}.Release|Any CPU.ActiveCfg = Release|Any CPU
		{C43B51E7-1D66-482E-98B2-D64E17322C43}.Release|Any CPU.Build.0 = Release|Any CPU
		{C43B51E7-1D66-482E-98B2-D64E17322C43}.Release|x64.ActiveCfg = Release|Any CPU
		{C43B51E7-1D66-482E-98B2-D64E17322C43}.Release|x64.Build.0 = Release|Any CPU
		{C43B51E7-1D66-482E-98B2-D64E17322C43}.Release|x86.ActiveCfg = Release|Any CPU
		{C43B51E7-1D66-482E-98B2-D64E17322C43}.Release|x86.Build.0 = Release|Any CPU
		{0B599174-0517-4A10-BC12-73833E83F628}.Debug|Any CPU.ActiveCfg = Debug|Any CPU
		{0B599174-0517-4A10-BC12-73833E83F628}.Debug|Any CPU.Build.0 = Debug|Any CPU
		{0B599174-0517-4A10-BC12-73833E83F628}.Debug|x64.ActiveCfg = Debug|Any CPU
		{0B599174-0517-4A10-BC12-73833E83F628}.Debug|x64.Build.0 = Debug|Any CPU
		{0B599174-0517-4A10-BC12-73833E83F628}.Debug|x86.ActiveCfg = Debug|Any CPU
		{0B599174-0517-4A10-BC12-73833E83F628}.Debug|x86.Build.0 = Debug|Any CPU
		{0B599174-0517-4A10-BC12-73833E83F628}.MiniBuild|Any CPU.ActiveCfg = Debug|Any CPU
		{0B599174-0517-4A10-BC12-73833E83F628}.MiniBuild|Any CPU.Build.0 = Debug|Any CPU
		{0B599174-0517-4A10-BC12-73833E83F628}.MiniBuild|x64.ActiveCfg = Release|Any CPU
		{0B599174-0517-4A10-BC12-73833E83F628}.MiniBuild|x64.Build.0 = Release|Any CPU
		{0B599174-0517-4A10-BC12-73833E83F628}.MiniBuild|x86.ActiveCfg = Release|Any CPU
		{0B599174-0517-4A10-BC12-73833E83F628}.MiniBuild|x86.Build.0 = Release|Any CPU
		{0B599174-0517-4A10-BC12-73833E83F628}.Release|Any CPU.ActiveCfg = Release|Any CPU
		{0B599174-0517-4A10-BC12-73833E83F628}.Release|Any CPU.Build.0 = Release|Any CPU
		{0B599174-0517-4A10-BC12-73833E83F628}.Release|x64.ActiveCfg = Release|Any CPU
		{0B599174-0517-4A10-BC12-73833E83F628}.Release|x64.Build.0 = Release|Any CPU
		{0B599174-0517-4A10-BC12-73833E83F628}.Release|x86.ActiveCfg = Release|Any CPU
		{0B599174-0517-4A10-BC12-73833E83F628}.Release|x86.Build.0 = Release|Any CPU
		{1C7F98D8-CE4E-41EE-8FEB-3053A35052E8}.Debug|Any CPU.ActiveCfg = Debug|Any CPU
		{1C7F98D8-CE4E-41EE-8FEB-3053A35052E8}.Debug|Any CPU.Build.0 = Debug|Any CPU
		{1C7F98D8-CE4E-41EE-8FEB-3053A35052E8}.Debug|x64.ActiveCfg = Debug|Any CPU
		{1C7F98D8-CE4E-41EE-8FEB-3053A35052E8}.Debug|x64.Build.0 = Debug|Any CPU
		{1C7F98D8-CE4E-41EE-8FEB-3053A35052E8}.Debug|x86.ActiveCfg = Debug|Any CPU
		{1C7F98D8-CE4E-41EE-8FEB-3053A35052E8}.Debug|x86.Build.0 = Debug|Any CPU
		{1C7F98D8-CE4E-41EE-8FEB-3053A35052E8}.MiniBuild|Any CPU.ActiveCfg = Debug|Any CPU
		{1C7F98D8-CE4E-41EE-8FEB-3053A35052E8}.MiniBuild|Any CPU.Build.0 = Debug|Any CPU
		{1C7F98D8-CE4E-41EE-8FEB-3053A35052E8}.MiniBuild|x64.ActiveCfg = Debug|Any CPU
		{1C7F98D8-CE4E-41EE-8FEB-3053A35052E8}.MiniBuild|x64.Build.0 = Debug|Any CPU
		{1C7F98D8-CE4E-41EE-8FEB-3053A35052E8}.MiniBuild|x86.ActiveCfg = Debug|Any CPU
		{1C7F98D8-CE4E-41EE-8FEB-3053A35052E8}.MiniBuild|x86.Build.0 = Debug|Any CPU
		{1C7F98D8-CE4E-41EE-8FEB-3053A35052E8}.Release|Any CPU.ActiveCfg = Release|Any CPU
		{1C7F98D8-CE4E-41EE-8FEB-3053A35052E8}.Release|Any CPU.Build.0 = Release|Any CPU
		{1C7F98D8-CE4E-41EE-8FEB-3053A35052E8}.Release|x64.ActiveCfg = Release|Any CPU
		{1C7F98D8-CE4E-41EE-8FEB-3053A35052E8}.Release|x64.Build.0 = Release|Any CPU
		{1C7F98D8-CE4E-41EE-8FEB-3053A35052E8}.Release|x86.ActiveCfg = Release|Any CPU
		{1C7F98D8-CE4E-41EE-8FEB-3053A35052E8}.Release|x86.Build.0 = Release|Any CPU
		{5C5BCD51-2E7B-4CBE-87CE-83DC3BED1680}.Debug|Any CPU.ActiveCfg = Debug|x64
		{5C5BCD51-2E7B-4CBE-87CE-83DC3BED1680}.Debug|Any CPU.Build.0 = Debug|x64
		{5C5BCD51-2E7B-4CBE-87CE-83DC3BED1680}.Debug|x64.ActiveCfg = Debug|Any CPU
		{5C5BCD51-2E7B-4CBE-87CE-83DC3BED1680}.Debug|x64.Build.0 = Debug|Any CPU
		{5C5BCD51-2E7B-4CBE-87CE-83DC3BED1680}.Debug|x86.ActiveCfg = Debug|Any CPU
		{5C5BCD51-2E7B-4CBE-87CE-83DC3BED1680}.Debug|x86.Build.0 = Debug|Any CPU
		{5C5BCD51-2E7B-4CBE-87CE-83DC3BED1680}.MiniBuild|Any CPU.ActiveCfg = Debug|Any CPU
		{5C5BCD51-2E7B-4CBE-87CE-83DC3BED1680}.MiniBuild|Any CPU.Build.0 = Debug|Any CPU
		{5C5BCD51-2E7B-4CBE-87CE-83DC3BED1680}.MiniBuild|x64.ActiveCfg = Debug|Any CPU
		{5C5BCD51-2E7B-4CBE-87CE-83DC3BED1680}.MiniBuild|x64.Build.0 = Debug|Any CPU
		{5C5BCD51-2E7B-4CBE-87CE-83DC3BED1680}.MiniBuild|x86.ActiveCfg = Debug|Any CPU
		{5C5BCD51-2E7B-4CBE-87CE-83DC3BED1680}.MiniBuild|x86.Build.0 = Debug|Any CPU
		{5C5BCD51-2E7B-4CBE-87CE-83DC3BED1680}.Release|Any CPU.ActiveCfg = Release|x64
		{5C5BCD51-2E7B-4CBE-87CE-83DC3BED1680}.Release|Any CPU.Build.0 = Release|x64
		{5C5BCD51-2E7B-4CBE-87CE-83DC3BED1680}.Release|x64.ActiveCfg = Release|Any CPU
		{5C5BCD51-2E7B-4CBE-87CE-83DC3BED1680}.Release|x64.Build.0 = Release|Any CPU
		{5C5BCD51-2E7B-4CBE-87CE-83DC3BED1680}.Release|x86.ActiveCfg = Release|Any CPU
		{5C5BCD51-2E7B-4CBE-87CE-83DC3BED1680}.Release|x86.Build.0 = Release|Any CPU
		{33557867-89EE-4728-9E9A-E973491DE882}.Debug|Any CPU.ActiveCfg = Debug|Any CPU
		{33557867-89EE-4728-9E9A-E973491DE882}.Debug|Any CPU.Build.0 = Debug|Any CPU
		{33557867-89EE-4728-9E9A-E973491DE882}.Debug|x64.ActiveCfg = Debug|Any CPU
		{33557867-89EE-4728-9E9A-E973491DE882}.Debug|x64.Build.0 = Debug|Any CPU
		{33557867-89EE-4728-9E9A-E973491DE882}.Debug|x86.ActiveCfg = Debug|Any CPU
		{33557867-89EE-4728-9E9A-E973491DE882}.Debug|x86.Build.0 = Debug|Any CPU
		{33557867-89EE-4728-9E9A-E973491DE882}.MiniBuild|Any CPU.ActiveCfg = Debug|Any CPU
		{33557867-89EE-4728-9E9A-E973491DE882}.MiniBuild|Any CPU.Build.0 = Debug|Any CPU
		{33557867-89EE-4728-9E9A-E973491DE882}.MiniBuild|x64.ActiveCfg = Debug|Any CPU
		{33557867-89EE-4728-9E9A-E973491DE882}.MiniBuild|x64.Build.0 = Debug|Any CPU
		{33557867-89EE-4728-9E9A-E973491DE882}.MiniBuild|x86.ActiveCfg = Debug|Any CPU
		{33557867-89EE-4728-9E9A-E973491DE882}.MiniBuild|x86.Build.0 = Debug|Any CPU
		{33557867-89EE-4728-9E9A-E973491DE882}.Release|Any CPU.ActiveCfg = Release|Any CPU
		{33557867-89EE-4728-9E9A-E973491DE882}.Release|Any CPU.Build.0 = Release|Any CPU
		{33557867-89EE-4728-9E9A-E973491DE882}.Release|x64.ActiveCfg = Release|Any CPU
		{33557867-89EE-4728-9E9A-E973491DE882}.Release|x64.Build.0 = Release|Any CPU
		{33557867-89EE-4728-9E9A-E973491DE882}.Release|x86.ActiveCfg = Release|Any CPU
		{33557867-89EE-4728-9E9A-E973491DE882}.Release|x86.Build.0 = Release|Any CPU
		{807709FD-B486-4B52-8EE4-88DB48E0B449}.Debug|Any CPU.ActiveCfg = Debug|Any CPU
		{807709FD-B486-4B52-8EE4-88DB48E0B449}.Debug|Any CPU.Build.0 = Debug|Any CPU
		{807709FD-B486-4B52-8EE4-88DB48E0B449}.Debug|x64.ActiveCfg = Debug|Any CPU
		{807709FD-B486-4B52-8EE4-88DB48E0B449}.Debug|x64.Build.0 = Debug|Any CPU
		{807709FD-B486-4B52-8EE4-88DB48E0B449}.Debug|x86.ActiveCfg = Debug|Any CPU
		{807709FD-B486-4B52-8EE4-88DB48E0B449}.Debug|x86.Build.0 = Debug|Any CPU
		{807709FD-B486-4B52-8EE4-88DB48E0B449}.MiniBuild|Any CPU.ActiveCfg = Debug|Any CPU
		{807709FD-B486-4B52-8EE4-88DB48E0B449}.MiniBuild|Any CPU.Build.0 = Debug|Any CPU
		{807709FD-B486-4B52-8EE4-88DB48E0B449}.MiniBuild|x64.ActiveCfg = Debug|Any CPU
		{807709FD-B486-4B52-8EE4-88DB48E0B449}.MiniBuild|x64.Build.0 = Debug|Any CPU
		{807709FD-B486-4B52-8EE4-88DB48E0B449}.MiniBuild|x86.ActiveCfg = Debug|Any CPU
		{807709FD-B486-4B52-8EE4-88DB48E0B449}.MiniBuild|x86.Build.0 = Debug|Any CPU
		{807709FD-B486-4B52-8EE4-88DB48E0B449}.Release|Any CPU.ActiveCfg = Release|Any CPU
		{807709FD-B486-4B52-8EE4-88DB48E0B449}.Release|Any CPU.Build.0 = Release|Any CPU
		{807709FD-B486-4B52-8EE4-88DB48E0B449}.Release|x64.ActiveCfg = Release|Any CPU
		{807709FD-B486-4B52-8EE4-88DB48E0B449}.Release|x64.Build.0 = Release|Any CPU
		{807709FD-B486-4B52-8EE4-88DB48E0B449}.Release|x86.ActiveCfg = Release|Any CPU
		{807709FD-B486-4B52-8EE4-88DB48E0B449}.Release|x86.Build.0 = Release|Any CPU
		{84CD7906-F832-409B-A253-DBB56D9AE66A}.Debug|Any CPU.ActiveCfg = Debug|Any CPU
		{84CD7906-F832-409B-A253-DBB56D9AE66A}.Debug|Any CPU.Build.0 = Debug|Any CPU
		{84CD7906-F832-409B-A253-DBB56D9AE66A}.Debug|x64.ActiveCfg = Debug|Any CPU
		{84CD7906-F832-409B-A253-DBB56D9AE66A}.Debug|x64.Build.0 = Debug|Any CPU
		{84CD7906-F832-409B-A253-DBB56D9AE66A}.Debug|x86.ActiveCfg = Debug|Any CPU
		{84CD7906-F832-409B-A253-DBB56D9AE66A}.Debug|x86.Build.0 = Debug|Any CPU
		{84CD7906-F832-409B-A253-DBB56D9AE66A}.MiniBuild|Any CPU.ActiveCfg = Debug|Any CPU
		{84CD7906-F832-409B-A253-DBB56D9AE66A}.MiniBuild|Any CPU.Build.0 = Debug|Any CPU
		{84CD7906-F832-409B-A253-DBB56D9AE66A}.MiniBuild|x64.ActiveCfg = Debug|Any CPU
		{84CD7906-F832-409B-A253-DBB56D9AE66A}.MiniBuild|x64.Build.0 = Debug|Any CPU
		{84CD7906-F832-409B-A253-DBB56D9AE66A}.MiniBuild|x86.ActiveCfg = Debug|Any CPU
		{84CD7906-F832-409B-A253-DBB56D9AE66A}.MiniBuild|x86.Build.0 = Debug|Any CPU
		{84CD7906-F832-409B-A253-DBB56D9AE66A}.Release|Any CPU.ActiveCfg = Release|Any CPU
		{84CD7906-F832-409B-A253-DBB56D9AE66A}.Release|Any CPU.Build.0 = Release|Any CPU
		{84CD7906-F832-409B-A253-DBB56D9AE66A}.Release|x64.ActiveCfg = Release|Any CPU
		{84CD7906-F832-409B-A253-DBB56D9AE66A}.Release|x64.Build.0 = Release|Any CPU
		{84CD7906-F832-409B-A253-DBB56D9AE66A}.Release|x86.ActiveCfg = Release|Any CPU
		{84CD7906-F832-409B-A253-DBB56D9AE66A}.Release|x86.Build.0 = Release|Any CPU
		{A8A9233F-271D-46B8-BDBD-E03C3BAC920C}.Debug|Any CPU.ActiveCfg = Debug|Any CPU
		{A8A9233F-271D-46B8-BDBD-E03C3BAC920C}.Debug|Any CPU.Build.0 = Debug|Any CPU
		{A8A9233F-271D-46B8-BDBD-E03C3BAC920C}.Debug|x64.ActiveCfg = Debug|Any CPU
		{A8A9233F-271D-46B8-BDBD-E03C3BAC920C}.Debug|x64.Build.0 = Debug|Any CPU
		{A8A9233F-271D-46B8-BDBD-E03C3BAC920C}.Debug|x86.ActiveCfg = Debug|Any CPU
		{A8A9233F-271D-46B8-BDBD-E03C3BAC920C}.Debug|x86.Build.0 = Debug|Any CPU
		{A8A9233F-271D-46B8-BDBD-E03C3BAC920C}.MiniBuild|Any CPU.ActiveCfg = Debug|Any CPU
		{A8A9233F-271D-46B8-BDBD-E03C3BAC920C}.MiniBuild|Any CPU.Build.0 = Debug|Any CPU
		{A8A9233F-271D-46B8-BDBD-E03C3BAC920C}.MiniBuild|x64.ActiveCfg = Debug|Any CPU
		{A8A9233F-271D-46B8-BDBD-E03C3BAC920C}.MiniBuild|x64.Build.0 = Debug|Any CPU
		{A8A9233F-271D-46B8-BDBD-E03C3BAC920C}.MiniBuild|x86.ActiveCfg = Debug|Any CPU
		{A8A9233F-271D-46B8-BDBD-E03C3BAC920C}.MiniBuild|x86.Build.0 = Debug|Any CPU
		{A8A9233F-271D-46B8-BDBD-E03C3BAC920C}.Release|Any CPU.ActiveCfg = Release|Any CPU
		{A8A9233F-271D-46B8-BDBD-E03C3BAC920C}.Release|Any CPU.Build.0 = Release|Any CPU
		{A8A9233F-271D-46B8-BDBD-E03C3BAC920C}.Release|x64.ActiveCfg = Release|Any CPU
		{A8A9233F-271D-46B8-BDBD-E03C3BAC920C}.Release|x64.Build.0 = Release|Any CPU
		{A8A9233F-271D-46B8-BDBD-E03C3BAC920C}.Release|x86.ActiveCfg = Release|Any CPU
		{A8A9233F-271D-46B8-BDBD-E03C3BAC920C}.Release|x86.Build.0 = Release|Any CPU
		{3D857146-9674-4885-AFA1-B8BB141B427C}.Debug|Any CPU.ActiveCfg = Debug|Any CPU
		{3D857146-9674-4885-AFA1-B8BB141B427C}.Debug|Any CPU.Build.0 = Debug|Any CPU
		{3D857146-9674-4885-AFA1-B8BB141B427C}.Debug|x64.ActiveCfg = Debug|Any CPU
		{3D857146-9674-4885-AFA1-B8BB141B427C}.Debug|x64.Build.0 = Debug|Any CPU
		{3D857146-9674-4885-AFA1-B8BB141B427C}.Debug|x86.ActiveCfg = Debug|Any CPU
		{3D857146-9674-4885-AFA1-B8BB141B427C}.Debug|x86.Build.0 = Debug|Any CPU
		{3D857146-9674-4885-AFA1-B8BB141B427C}.MiniBuild|Any CPU.ActiveCfg = Debug|Any CPU
		{3D857146-9674-4885-AFA1-B8BB141B427C}.MiniBuild|Any CPU.Build.0 = Debug|Any CPU
		{3D857146-9674-4885-AFA1-B8BB141B427C}.MiniBuild|x64.ActiveCfg = Debug|Any CPU
		{3D857146-9674-4885-AFA1-B8BB141B427C}.MiniBuild|x64.Build.0 = Debug|Any CPU
		{3D857146-9674-4885-AFA1-B8BB141B427C}.MiniBuild|x86.ActiveCfg = Debug|Any CPU
		{3D857146-9674-4885-AFA1-B8BB141B427C}.MiniBuild|x86.Build.0 = Debug|Any CPU
		{3D857146-9674-4885-AFA1-B8BB141B427C}.Release|Any CPU.ActiveCfg = Release|Any CPU
		{3D857146-9674-4885-AFA1-B8BB141B427C}.Release|Any CPU.Build.0 = Release|Any CPU
		{3D857146-9674-4885-AFA1-B8BB141B427C}.Release|x64.ActiveCfg = Release|Any CPU
		{3D857146-9674-4885-AFA1-B8BB141B427C}.Release|x64.Build.0 = Release|Any CPU
		{3D857146-9674-4885-AFA1-B8BB141B427C}.Release|x86.ActiveCfg = Release|Any CPU
		{3D857146-9674-4885-AFA1-B8BB141B427C}.Release|x86.Build.0 = Release|Any CPU
		{63479CF7-8585-4A0E-9FEC-BDA217303014}.Debug|Any CPU.ActiveCfg = Debug|Any CPU
		{63479CF7-8585-4A0E-9FEC-BDA217303014}.Debug|Any CPU.Build.0 = Debug|Any CPU
		{63479CF7-8585-4A0E-9FEC-BDA217303014}.Debug|x64.ActiveCfg = Debug|Any CPU
		{63479CF7-8585-4A0E-9FEC-BDA217303014}.Debug|x64.Build.0 = Debug|Any CPU
		{63479CF7-8585-4A0E-9FEC-BDA217303014}.Debug|x86.ActiveCfg = Debug|Any CPU
		{63479CF7-8585-4A0E-9FEC-BDA217303014}.Debug|x86.Build.0 = Debug|Any CPU
		{63479CF7-8585-4A0E-9FEC-BDA217303014}.MiniBuild|Any CPU.ActiveCfg = Debug|Any CPU
		{63479CF7-8585-4A0E-9FEC-BDA217303014}.MiniBuild|Any CPU.Build.0 = Debug|Any CPU
		{63479CF7-8585-4A0E-9FEC-BDA217303014}.MiniBuild|x64.ActiveCfg = Debug|Any CPU
		{63479CF7-8585-4A0E-9FEC-BDA217303014}.MiniBuild|x64.Build.0 = Debug|Any CPU
		{63479CF7-8585-4A0E-9FEC-BDA217303014}.MiniBuild|x86.ActiveCfg = Debug|Any CPU
		{63479CF7-8585-4A0E-9FEC-BDA217303014}.MiniBuild|x86.Build.0 = Debug|Any CPU
		{63479CF7-8585-4A0E-9FEC-BDA217303014}.Release|Any CPU.ActiveCfg = Release|Any CPU
		{63479CF7-8585-4A0E-9FEC-BDA217303014}.Release|Any CPU.Build.0 = Release|Any CPU
		{63479CF7-8585-4A0E-9FEC-BDA217303014}.Release|x64.ActiveCfg = Release|Any CPU
		{63479CF7-8585-4A0E-9FEC-BDA217303014}.Release|x64.Build.0 = Release|Any CPU
		{63479CF7-8585-4A0E-9FEC-BDA217303014}.Release|x86.ActiveCfg = Release|Any CPU
		{63479CF7-8585-4A0E-9FEC-BDA217303014}.Release|x86.Build.0 = Release|Any CPU
		{5A1E78FF-5C28-4A7D-AD99-371FA1F8A630}.Debug|Any CPU.ActiveCfg = Debug|Any CPU
		{5A1E78FF-5C28-4A7D-AD99-371FA1F8A630}.Debug|Any CPU.Build.0 = Debug|Any CPU
		{5A1E78FF-5C28-4A7D-AD99-371FA1F8A630}.Debug|x64.ActiveCfg = Debug|Any CPU
		{5A1E78FF-5C28-4A7D-AD99-371FA1F8A630}.Debug|x64.Build.0 = Debug|Any CPU
		{5A1E78FF-5C28-4A7D-AD99-371FA1F8A630}.Debug|x86.ActiveCfg = Debug|Any CPU
		{5A1E78FF-5C28-4A7D-AD99-371FA1F8A630}.Debug|x86.Build.0 = Debug|Any CPU
		{5A1E78FF-5C28-4A7D-AD99-371FA1F8A630}.MiniBuild|Any CPU.ActiveCfg = Debug|Any CPU
		{5A1E78FF-5C28-4A7D-AD99-371FA1F8A630}.MiniBuild|Any CPU.Build.0 = Debug|Any CPU
		{5A1E78FF-5C28-4A7D-AD99-371FA1F8A630}.MiniBuild|x64.ActiveCfg = Debug|Any CPU
		{5A1E78FF-5C28-4A7D-AD99-371FA1F8A630}.MiniBuild|x64.Build.0 = Debug|Any CPU
		{5A1E78FF-5C28-4A7D-AD99-371FA1F8A630}.MiniBuild|x86.ActiveCfg = Debug|Any CPU
		{5A1E78FF-5C28-4A7D-AD99-371FA1F8A630}.MiniBuild|x86.Build.0 = Debug|Any CPU
		{5A1E78FF-5C28-4A7D-AD99-371FA1F8A630}.Release|Any CPU.ActiveCfg = Release|Any CPU
		{5A1E78FF-5C28-4A7D-AD99-371FA1F8A630}.Release|Any CPU.Build.0 = Release|Any CPU
		{5A1E78FF-5C28-4A7D-AD99-371FA1F8A630}.Release|x64.ActiveCfg = Release|Any CPU
		{5A1E78FF-5C28-4A7D-AD99-371FA1F8A630}.Release|x64.Build.0 = Release|Any CPU
		{5A1E78FF-5C28-4A7D-AD99-371FA1F8A630}.Release|x86.ActiveCfg = Release|Any CPU
		{5A1E78FF-5C28-4A7D-AD99-371FA1F8A630}.Release|x86.Build.0 = Release|Any CPU
		{F9D6DE2C-335E-4F6C-8501-514AB4773FC7}.Debug|Any CPU.ActiveCfg = Debug|Any CPU
		{F9D6DE2C-335E-4F6C-8501-514AB4773FC7}.Debug|Any CPU.Build.0 = Debug|Any CPU
		{F9D6DE2C-335E-4F6C-8501-514AB4773FC7}.Debug|x64.ActiveCfg = Debug|Any CPU
		{F9D6DE2C-335E-4F6C-8501-514AB4773FC7}.Debug|x64.Build.0 = Debug|Any CPU
		{F9D6DE2C-335E-4F6C-8501-514AB4773FC7}.Debug|x86.ActiveCfg = Debug|Any CPU
		{F9D6DE2C-335E-4F6C-8501-514AB4773FC7}.Debug|x86.Build.0 = Debug|Any CPU
		{F9D6DE2C-335E-4F6C-8501-514AB4773FC7}.MiniBuild|Any CPU.ActiveCfg = Debug|Any CPU
		{F9D6DE2C-335E-4F6C-8501-514AB4773FC7}.MiniBuild|Any CPU.Build.0 = Debug|Any CPU
		{F9D6DE2C-335E-4F6C-8501-514AB4773FC7}.MiniBuild|x64.ActiveCfg = Debug|Any CPU
		{F9D6DE2C-335E-4F6C-8501-514AB4773FC7}.MiniBuild|x64.Build.0 = Debug|Any CPU
		{F9D6DE2C-335E-4F6C-8501-514AB4773FC7}.MiniBuild|x86.ActiveCfg = Debug|Any CPU
		{F9D6DE2C-335E-4F6C-8501-514AB4773FC7}.MiniBuild|x86.Build.0 = Debug|Any CPU
		{F9D6DE2C-335E-4F6C-8501-514AB4773FC7}.Release|Any CPU.ActiveCfg = Release|Any CPU
		{F9D6DE2C-335E-4F6C-8501-514AB4773FC7}.Release|Any CPU.Build.0 = Release|Any CPU
		{F9D6DE2C-335E-4F6C-8501-514AB4773FC7}.Release|x64.ActiveCfg = Release|Any CPU
		{F9D6DE2C-335E-4F6C-8501-514AB4773FC7}.Release|x64.Build.0 = Release|Any CPU
		{F9D6DE2C-335E-4F6C-8501-514AB4773FC7}.Release|x86.ActiveCfg = Release|Any CPU
		{F9D6DE2C-335E-4F6C-8501-514AB4773FC7}.Release|x86.Build.0 = Release|Any CPU
		{0E1391A7-CCB0-462F-8785-3F8405D96613}.Debug|Any CPU.ActiveCfg = Debug|Any CPU
		{0E1391A7-CCB0-462F-8785-3F8405D96613}.Debug|Any CPU.Build.0 = Debug|Any CPU
		{0E1391A7-CCB0-462F-8785-3F8405D96613}.Debug|x64.ActiveCfg = Debug|Any CPU
		{0E1391A7-CCB0-462F-8785-3F8405D96613}.Debug|x64.Build.0 = Debug|Any CPU
		{0E1391A7-CCB0-462F-8785-3F8405D96613}.Debug|x86.ActiveCfg = Debug|Any CPU
		{0E1391A7-CCB0-462F-8785-3F8405D96613}.Debug|x86.Build.0 = Debug|Any CPU
		{0E1391A7-CCB0-462F-8785-3F8405D96613}.MiniBuild|Any CPU.ActiveCfg = Debug|Any CPU
		{0E1391A7-CCB0-462F-8785-3F8405D96613}.MiniBuild|Any CPU.Build.0 = Debug|Any CPU
		{0E1391A7-CCB0-462F-8785-3F8405D96613}.MiniBuild|x64.ActiveCfg = Debug|Any CPU
		{0E1391A7-CCB0-462F-8785-3F8405D96613}.MiniBuild|x64.Build.0 = Debug|Any CPU
		{0E1391A7-CCB0-462F-8785-3F8405D96613}.MiniBuild|x86.ActiveCfg = Debug|Any CPU
		{0E1391A7-CCB0-462F-8785-3F8405D96613}.MiniBuild|x86.Build.0 = Debug|Any CPU
		{0E1391A7-CCB0-462F-8785-3F8405D96613}.Release|Any CPU.ActiveCfg = Release|Any CPU
		{0E1391A7-CCB0-462F-8785-3F8405D96613}.Release|Any CPU.Build.0 = Release|Any CPU
		{0E1391A7-CCB0-462F-8785-3F8405D96613}.Release|x64.ActiveCfg = Release|Any CPU
		{0E1391A7-CCB0-462F-8785-3F8405D96613}.Release|x64.Build.0 = Release|Any CPU
		{0E1391A7-CCB0-462F-8785-3F8405D96613}.Release|x86.ActiveCfg = Release|Any CPU
		{0E1391A7-CCB0-462F-8785-3F8405D96613}.Release|x86.Build.0 = Release|Any CPU
		{844C2533-7852-495C-8D90-9DD351A99C8E}.Debug|Any CPU.ActiveCfg = Debug|Any CPU
		{844C2533-7852-495C-8D90-9DD351A99C8E}.Debug|Any CPU.Build.0 = Debug|Any CPU
		{844C2533-7852-495C-8D90-9DD351A99C8E}.Debug|x64.ActiveCfg = Debug|Any CPU
		{844C2533-7852-495C-8D90-9DD351A99C8E}.Debug|x64.Build.0 = Debug|Any CPU
		{844C2533-7852-495C-8D90-9DD351A99C8E}.Debug|x86.ActiveCfg = Debug|Any CPU
		{844C2533-7852-495C-8D90-9DD351A99C8E}.Debug|x86.Build.0 = Debug|Any CPU
		{844C2533-7852-495C-8D90-9DD351A99C8E}.MiniBuild|Any CPU.ActiveCfg = Debug|Any CPU
		{844C2533-7852-495C-8D90-9DD351A99C8E}.MiniBuild|Any CPU.Build.0 = Debug|Any CPU
		{844C2533-7852-495C-8D90-9DD351A99C8E}.MiniBuild|x64.ActiveCfg = Debug|Any CPU
		{844C2533-7852-495C-8D90-9DD351A99C8E}.MiniBuild|x64.Build.0 = Debug|Any CPU
		{844C2533-7852-495C-8D90-9DD351A99C8E}.MiniBuild|x86.ActiveCfg = Debug|Any CPU
		{844C2533-7852-495C-8D90-9DD351A99C8E}.MiniBuild|x86.Build.0 = Debug|Any CPU
		{844C2533-7852-495C-8D90-9DD351A99C8E}.Release|Any CPU.ActiveCfg = Release|Any CPU
		{844C2533-7852-495C-8D90-9DD351A99C8E}.Release|Any CPU.Build.0 = Release|Any CPU
		{844C2533-7852-495C-8D90-9DD351A99C8E}.Release|x64.ActiveCfg = Release|Any CPU
		{844C2533-7852-495C-8D90-9DD351A99C8E}.Release|x64.Build.0 = Release|Any CPU
		{844C2533-7852-495C-8D90-9DD351A99C8E}.Release|x86.ActiveCfg = Release|Any CPU
		{844C2533-7852-495C-8D90-9DD351A99C8E}.Release|x86.Build.0 = Release|Any CPU
	EndGlobalSection
	GlobalSection(SolutionProperties) = preSolution
		HideSolutionNode = FALSE
	EndGlobalSection
	GlobalSection(ExtensibilityGlobals) = postSolution
		SolutionGuid = {AEE42B5B-C949-4C77-AADA-3FEFFBE20896}
	EndGlobalSection
EndGlobal
